
Microsoft Visual Studio Solution File, Format Version 12.00
# Visual Studio Version 16
VisualStudioVersion = 16.0.30523.141
MinimumVisualStudioVersion = 10.0.40219.1
Project("{FAE04EC0-301F-11D3-BF4B-00C04F79EFBC}") = "ArticleMate", "ArticleMate.csproj", "{FE564F8B-532D-45CC-B7FB-5E836C5FBAB1}"
EndProject
Global
	GlobalSection(SolutionConfigurationPlatforms) = preSolution
		Debug|Any CPU = Debug|Any CPU
		Release|Any CPU = Release|Any CPU
	EndGlobalSection
	GlobalSection(ProjectConfigurationPlatforms) = postSolution
		{FE564F8B-532D-45CC-B7FB-5E836C5FBAB1}.Debug|Any CPU.ActiveCfg = Debug|Any CPU
		{FE564F8B-532D-45CC-B7FB-5E836C5FBAB1}.Debug|Any CPU.Build.0 = Debug|Any CPU
		{FE564F8B-532D-45CC-B7FB-5E836C5FBAB1}.Release|Any CPU.ActiveCfg = Release|Any CPU
		{FE564F8B-532D-45CC-B7FB-5E836C5FBAB1}.Release|Any CPU.Build.0 = Release|Any CPU
	EndGlobalSection
	GlobalSection(SolutionProperties) = preSolution
		HideSolutionNode = FALSE
	EndGlobalSection
	GlobalSection(ExtensibilityGlobals) = postSolution
		SolutionGuid = {64EFFF81-CA29-4934-B28D-80AD84E9CDF3}
	EndGlobalSection
EndGlobal
